// !$*UTF8*$!
{
	archiveVersion = 1;
	classes = {
	};
	objectVersion = 48;
	objects = {

/* Begin PBXBuildFile section */
		6903CDE820181E2600642B68 /* AppDelegate.swift in Sources */ = {isa = PBXBuildFile; fileRef = 6903CDE720181E2600642B68 /* AppDelegate.swift */; };
		6903CDEA20181E2600642B68 /* ViewController.swift in Sources */ = {isa = PBXBuildFile; fileRef = 6903CDE920181E2600642B68 /* ViewController.swift */; };
		6903CDED20181E2600642B68 /* Main.storyboard in Resources */ = {isa = PBXBuildFile; fileRef = 6903CDEB20181E2600642B68 /* Main.storyboard */; };
		6903CDEF20181E2600642B68 /* Assets.xcassets in Resources */ = {isa = PBXBuildFile; fileRef = 6903CDEE20181E2600642B68 /* Assets.xcassets */; };
		6903CDF220181E2600642B68 /* LaunchScreen.storyboard in Resources */ = {isa = PBXBuildFile; fileRef = 6903CDF020181E2600642B68 /* LaunchScreen.storyboard */; };
		6903CDFC20181EEB00642B68 /* MyWrapper.swift in Sources */ = {isa = PBXBuildFile; fileRef = 6903CDFB20181EEB00642B68 /* MyWrapper.swift */; };
		6903CDFE2018217600642B68 /* TLSextension.swift in Sources */ = {isa = PBXBuildFile; fileRef = 6903CDFD2018217600642B68 /* TLSextension.swift */; };
		6903CDFF2018263900642B68 /* CocoaAsyncSocket.framework in Frameworks */ = {isa = PBXBuildFile; fileRef = 6903CDF920181ECC00642B68 /* CocoaAsyncSocket.framework */; };
		6903CE002018263900642B68 /* CocoaAsyncSocket.framework in Embed Frameworks */ = {isa = PBXBuildFile; fileRef = 6903CDF920181ECC00642B68 /* CocoaAsyncSocket.framework */; settings = {ATTRIBUTES = (CodeSignOnCopy, RemoveHeadersOnCopy, ); }; };
/* End PBXBuildFile section */

/* Begin PBXCopyFilesBuildPhase section */
		6903CE012018263900642B68 /* Embed Frameworks */ = {
			isa = PBXCopyFilesBuildPhase;
			buildActionMask = 2147483647;
			dstPath = "";
			dstSubfolderSpec = 10;
			files = (
				6903CE002018263900642B68 /* CocoaAsyncSocket.framework in Embed Frameworks */,
			);
			name = "Embed Frameworks";
			runOnlyForDeploymentPostprocessing = 0;
		};
/* End PBXCopyFilesBuildPhase section */

/* Begin PBXFileReference section */
		6903CDE420181E2600642B68 /* MyTLSWrapper.app */ = {isa = PBXFileReference; explicitFileType = wrapper.application; includeInIndex = 0; path = MyTLSWrapper.app; sourceTree = BUILT_PRODUCTS_DIR; };
		6903CDE720181E2600642B68 /* AppDelegate.swift */ = {isa = PBXFileReference; lastKnownFileType = sourcecode.swift; path = AppDelegate.swift; sourceTree = "<group>"; };
		6903CDE920181E2600642B68 /* ViewController.swift */ = {isa = PBXFileReference; lastKnownFileType = sourcecode.swift; path = ViewController.swift; sourceTree = "<group>"; };
		6903CDEC20181E2600642B68 /* Base */ = {isa = PBXFileReference; lastKnownFileType = file.storyboard; name = Base; path = Base.lproj/Main.storyboard; sourceTree = "<group>"; };
		6903CDEE20181E2600642B68 /* Assets.xcassets */ = {isa = PBXFileReference; lastKnownFileType = folder.assetcatalog; path = Assets.xcassets; sourceTree = "<group>"; };
		6903CDF120181E2600642B68 /* Base */ = {isa = PBXFileReference; lastKnownFileType = file.storyboard; name = Base; path = Base.lproj/LaunchScreen.storyboard; sourceTree = "<group>"; };
		6903CDF320181E2600642B68 /* Info.plist */ = {isa = PBXFileReference; lastKnownFileType = text.plist.xml; path = Info.plist; sourceTree = "<group>"; };
		6903CDF920181ECC00642B68 /* CocoaAsyncSocket.framework */ = {isa = PBXFileReference; lastKnownFileType = wrapper.framework; name = CocoaAsyncSocket.framework; path = Carthage/Build/iOS/CocoaAsyncSocket.framework; sourceTree = "<group>"; };
		6903CDFB20181EEB00642B68 /* MyWrapper.swift */ = {isa = PBXFileReference; lastKnownFileType = sourcecode.swift; path = MyWrapper.swift; sourceTree = "<group>"; };
		6903CDFD2018217600642B68 /* TLSextension.swift */ = {isa = PBXFileReference; fileEncoding = 4; lastKnownFileType = sourcecode.swift; path = TLSextension.swift; sourceTree = "<group>"; };
/* End PBXFileReference section */

/* Begin PBXFrameworksBuildPhase section */
		6903CDE120181E2600642B68 /* Frameworks */ = {
			isa = PBXFrameworksBuildPhase;
			buildActionMask = 2147483647;
			files = (
				6903CDFF2018263900642B68 /* CocoaAsyncSocket.framework in Frameworks */,
			);
			runOnlyForDeploymentPostprocessing = 0;
		};
/* End PBXFrameworksBuildPhase section */

/* Begin PBXGroup section */
		6903CDDB20181E2600642B68 = {
			isa = PBXGroup;
			children = (
				6903CDE620181E2600642B68 /* MyTLSWrapper */,
				6903CDE520181E2600642B68 /* Products */,
			);
			sourceTree = "<group>";
		};
		6903CDE520181E2600642B68 /* Products */ = {
			isa = PBXGroup;
			children = (
				6903CDE420181E2600642B68 /* MyTLSWrapper.app */,
			);
			name = Products;
			sourceTree = "<group>";
		};
		6903CDE620181E2600642B68 /* MyTLSWrapper */ = {
			isa = PBXGroup;
			children = (
				6903CDF920181ECC00642B68 /* CocoaAsyncSocket.framework */,
				6903CDE720181E2600642B68 /* AppDelegate.swift */,
				6903CDFB20181EEB00642B68 /* MyWrapper.swift */,
				6903CDFD2018217600642B68 /* TLSextension.swift */,
				6903CDE920181E2600642B68 /* ViewController.swift */,
				6903CDEB20181E2600642B68 /* Main.storyboard */,
				6903CDEE20181E2600642B68 /* Assets.xcassets */,
				6903CDF020181E2600642B68 /* LaunchScreen.storyboard */,
				6903CDF320181E2600642B68 /* Info.plist */,
			);
			path = MyTLSWrapper;
			sourceTree = "<group>";
		};
/* End PBXGroup section */

/* Begin PBXNativeTarget section */
		6903CDE320181E2600642B68 /* MyTLSWrapper */ = {
			isa = PBXNativeTarget;
			buildConfigurationList = 6903CDF620181E2600642B68 /* Build configuration list for PBXNativeTarget "MyTLSWrapper" */;
			buildPhases = (
				6903CDE020181E2600642B68 /* Sources */,
				6903CDE120181E2600642B68 /* Frameworks */,
				6903CDE220181E2600642B68 /* Resources */,
				6903CE012018263900642B68 /* Embed Frameworks */,
			);
			buildRules = (
			);
			dependencies = (
			);
			name = MyTLSWrapper;
			productName = MyTLSWrapper;
			productReference = 6903CDE420181E2600642B68 /* MyTLSWrapper.app */;
			productType = "com.apple.product-type.application";
		};
/* End PBXNativeTarget section */

/* Begin PBXProject section */
		6903CDDC20181E2600642B68 /* Project object */ = {
			isa = PBXProject;
			attributes = {
				LastSwiftUpdateCheck = 0920;
				LastUpgradeCheck = 0920;
				ORGANIZATIONNAME = yarshure;
				TargetAttributes = {
					6903CDE320181E2600642B68 = {
						CreatedOnToolsVersion = 9.2;
						ProvisioningStyle = Automatic;
					};
				};
			};
			buildConfigurationList = 6903CDDF20181E2600642B68 /* Build configuration list for PBXProject "MyTLSWrapper" */;
			compatibilityVersion = "Xcode 8.0";
			developmentRegion = en;
			hasScannedForEncodings = 0;
			knownRegions = (
				en,
				Base,
			);
			mainGroup = 6903CDDB20181E2600642B68;
			productRefGroup = 6903CDE520181E2600642B68 /* Products */;
			projectDirPath = "";
			projectRoot = "";
			targets = (
				6903CDE320181E2600642B68 /* MyTLSWrapper */,
			);
		};
/* End PBXProject section */

/* Begin PBXResourcesBuildPhase section */
		6903CDE220181E2600642B68 /* Resources */ = {
			isa = PBXResourcesBuildPhase;
			buildActionMask = 2147483647;
			files = (
				6903CDF220181E2600642B68 /* LaunchScreen.storyboard in Resources */,
				6903CDEF20181E2600642B68 /* Assets.xcassets in Resources */,
				6903CDED20181E2600642B68 /* Main.storyboard in Resources */,
			);
			runOnlyForDeploymentPostprocessing = 0;
		};
/* End PBXResourcesBuildPhase section */

/* Begin PBXSourcesBuildPhase section */
		6903CDE020181E2600642B68 /* Sources */ = {
			isa = PBXSourcesBuildPhase;
			buildActionMask = 2147483647;
			files = (
				6903CDFC20181EEB00642B68 /* MyWrapper.swift in Sources */,
				6903CDFE2018217600642B68 /* TLSextension.swift in Sources */,
				6903CDEA20181E2600642B68 /* ViewController.swift in Sources */,
				6903CDE820181E2600642B68 /* AppDelegate.swift in Sources */,
			);
			runOnlyForDeploymentPostprocessing = 0;
		};
/* End PBXSourcesBuildPhase section */

/* Begin PBXVariantGroup section */
		6903CDEB20181E2600642B68 /* Main.storyboard */ = {
			isa = PBXVariantGroup;
			children = (
				6903CDEC20181E2600642B68 /* Base */,
			);
			name = Main.storyboard;
			sourceTree = "<group>";
		};
		6903CDF020181E2600642B68 /* LaunchScreen.storyboard */ = {
			isa = PBXVariantGroup;
			children = (
				6903CDF120181E2600642B68 /* Base */,
			);
			name = LaunchScreen.storyboard;
			sourceTree = "<group>";
		};
/* End PBXVariantGroup section */

/* Begin XCBuildConfiguration section */
		6903CDF420181E2600642B68 /* Debug */ = {
			isa = XCBuildConfiguration;
			buildSettings = {
				ALWAYS_SEARCH_USER_PATHS = NO;
				CLANG_ANALYZER_NONNULL = YES;
				CLANG_ANALYZER_NUMBER_OBJECT_CONVERSION = YES_AGGRESSIVE;
				CLANG_CXX_LANGUAGE_STANDARD = "gnu++14";
				CLANG_CXX_LIBRARY = "libc++";
				CLANG_ENABLE_MODULES = YES;
				CLANG_ENABLE_OBJC_ARC = YES;
				CLANG_WARN_BLOCK_CAPTURE_AUTORELEASING = YES;
				CLANG_WARN_BOOL_CONVERSION = YES;
				CLANG_WARN_COMMA = YES;
				CLANG_WARN_CONSTANT_CONVERSION = YES;
				CLANG_WARN_DIRECT_OBJC_ISA_USAGE = YES_ERROR;
				CLANG_WARN_DOCUMENTATION_COMMENTS = YES;
				CLANG_WARN_EMPTY_BODY = YES;
				CLANG_WARN_ENUM_CONVERSION = YES;
				CLANG_WARN_INFINITE_RECURSION = YES;
				CLANG_WARN_INT_CONVERSION = YES;
				CLANG_WARN_NON_LITERAL_NULL_CONVERSION = YES;
				CLANG_WARN_OBJC_LITERAL_CONVERSION = YES;
				CLANG_WARN_OBJC_ROOT_CLASS = YES_ERROR;
				CLANG_WARN_RANGE_LOOP_ANALYSIS = YES;
				CLANG_WARN_STRICT_PROTOTYPES = YES;
				CLANG_WARN_SUSPICIOUS_MOVE = YES;
				CLANG_WARN_UNGUARDED_AVAILABILITY = YES_AGGRESSIVE;
				CLANG_WARN_UNREACHABLE_CODE = YES;
				CLANG_WARN__DUPLICATE_METHOD_MATCH = YES;
				CODE_SIGN_IDENTITY = "iPhone Developer";
				COPY_PHASE_STRIP = NO;
				DEBUG_INFORMATION_FORMAT = dwarf;
				ENABLE_STRICT_OBJC_MSGSEND = YES;
				ENABLE_TESTABILITY = YES;
				GCC_C_LANGUAGE_STANDARD = gnu11;
				GCC_DYNAMIC_NO_PIC = NO;
				GCC_NO_COMMON_BLOCKS = YES;
				GCC_OPTIMIZATION_LEVEL = 0;
				GCC_PREPROCESSOR_DEFINITIONS = (
					"DEBUG=1",
					"$(inherited)",
				);
				GCC_WARN_64_TO_32_BIT_CONVERSION = YES;
				GCC_WARN_ABOUT_RETURN_TYPE = YES_ERROR;
				GCC_WARN_UNDECLARED_SELECTOR = YES;
				GCC_WARN_UNINITIALIZED_AUTOS = YES_AGGRESSIVE;
				GCC_WARN_UNUSED_FUNCTION = YES;
				GCC_WARN_UNUSED_VARIABLE = YES;
				IPHONEOS_DEPLOYMENT_TARGET = 11.2;
				MTL_ENABLE_DEBUG_INFO = YES;
				ONLY_ACTIVE_ARCH = YES;
				SDKROOT = iphoneos;
				SWIFT_ACTIVE_COMPILATION_CONDITIONS = DEBUG;
				SWIFT_OPTIMIZATION_LEVEL = "-Onone";
			};
			name = Debug;
		};
		6903CDF520181E2600642B68 /* Release */ = {
			isa = XCBuildConfiguration;
			buildSettings = {
				ALWAYS_SEARCH_USER_PATHS = NO;
				CLANG_ANALYZER_NONNULL = YES;
				CLANG_ANALYZER_NUMBER_OBJECT_CONVERSION = YES_AGGRESSIVE;
				CLANG_CXX_LANGUAGE_STANDARD = "gnu++14";
				CLANG_CXX_LIBRARY = "libc++";
				CLANG_ENABLE_MODULES = YES;
				CLANG_ENABLE_OBJC_ARC = YES;
				CLANG_WARN_BLOCK_CAPTURE_AUTORELEASING = YES;
				CLANG_WARN_BOOL_CONVERSION = YES;
				CLANG_WARN_COMMA = YES;
				CLANG_WARN_CONSTANT_CONVERSION = YES;
				CLANG_WARN_DIRECT_OBJC_ISA_USAGE = YES_ERROR;
				CLANG_WARN_DOCUMENTATION_COMMENTS = YES;
				CLANG_WARN_EMPTY_BODY = YES;
				CLANG_WARN_ENUM_CONVERSION = YES;
				CLANG_WARN_INFINITE_RECURSION = YES;
				CLANG_WARN_INT_CONVERSION = YES;
				CLANG_WARN_NON_LITERAL_NULL_CONVERSION = YES;
				CLANG_WARN_OBJC_LITERAL_CONVERSION = YES;
				CLANG_WARN_OBJC_ROOT_CLASS = YES_ERROR;
				CLANG_WARN_RANGE_LOOP_ANALYSIS = YES;
				CLANG_WARN_STRICT_PROTOTYPES = YES;
				CLANG_WARN_SUSPICIOUS_MOVE = YES;
				CLANG_WARN_UNGUARDED_AVAILABILITY = YES_AGGRESSIVE;
				CLANG_WARN_UNREACHABLE_CODE = YES;
				CLANG_WARN__DUPLICATE_METHOD_MATCH = YES;
				CODE_SIGN_IDENTITY = "iPhone Developer";
				COPY_PHASE_STRIP = NO;
				DEBUG_INFORMATION_FORMAT = "dwarf-with-dsym";
				ENABLE_NS_ASSERTIONS = NO;
				ENABLE_STRICT_OBJC_MSGSEND = YES;
				GCC_C_LANGUAGE_STANDARD = gnu11;
				GCC_NO_COMMON_BLOCKS = YES;
				GCC_WARN_64_TO_32_BIT_CONVERSION = YES;
				GCC_WARN_ABOUT_RETURN_TYPE = YES_ERROR;
				GCC_WARN_UNDECLARED_SELECTOR = YES;
				GCC_WARN_UNINITIALIZED_AUTOS = YES_AGGRESSIVE;
				GCC_WARN_UNUSED_FUNCTION = YES;
				GCC_WARN_UNUSED_VARIABLE = YES;
				IPHONEOS_DEPLOYMENT_TARGET = 11.2;
				MTL_ENABLE_DEBUG_INFO = NO;
				SDKROOT = iphoneos;
				SWIFT_OPTIMIZATION_LEVEL = "-Owholemodule";
				VALIDATE_PRODUCT = YES;
			};
			name = Release;
		};
		6903CDF720181E2600642B68 /* Debug */ = {
			isa = XCBuildConfiguration;
			buildSettings = {
				ASSETCATALOG_COMPILER_APPICON_NAME = AppIcon;
				CODE_SIGN_STYLE = Automatic;
				DEVELOPMENT_TEAM = 745WQDK4L7;
				FRAMEWORK_SEARCH_PATHS = (
					"$(inherited)",
					"$(PROJECT_DIR)/MyTLSWrapper/Carthage/Build/iOS",
				);
				INFOPLIST_FILE = MyTLSWrapper/Info.plist;
				LD_RUNPATH_SEARCH_PATHS = "$(inherited) @executable_path/Frameworks";
				PRODUCT_BUNDLE_IDENTIFIER = com.yarshure.MyTLSWrapper;
				PRODUCT_NAME = "$(TARGET_NAME)";
				SWIFT_VERSION = 4.0;
				TARGETED_DEVICE_FAMILY = "1,2";
			};
			name = Debug;
		};
		6903CDF820181E2600642B68 /* Release */ = {
			isa = XCBuildConfiguration;
			buildSettings = {
				ASSETCATALOG_COMPILER_APPICON_NAME = AppIcon;
				CODE_SIGN_STYLE = Automatic;
				DEVELOPMENT_TEAM = 745WQDK4L7;
				FRAMEWORK_SEARCH_PATHS = (
					"$(inherited)",
					"$(PROJECT_DIR)/MyTLSWrapper/Carthage/Build/iOS",
				);
				INFOPLIST_FILE = MyTLSWrapper/Info.plist;
				LD_RUNPATH_SEARCH_PATHS = "$(inherited) @executable_path/Frameworks";
				PRODUCT_BUNDLE_IDENTIFIER = com.yarshure.MyTLSWrapper;
				PRODUCT_NAME = "$(TARGET_NAME)";
				SWIFT_VERSION = 4.0;
				TARGETED_DEVICE_FAMILY = "1,2";
			};
			name = Release;
		};
/* End XCBuildConfiguration section */

/* Begin XCConfigurationList section */
		6903CDDF20181E2600642B68 /* Build configuration list for PBXProject "MyTLSWrapper" */ = {
			isa = XCConfigurationList;
			buildConfigurations = (
				6903CDF420181E2600642B68 /* Debug */,
				6903CDF520181E2600642B68 /* Release */,
			);
			defaultConfigurationIsVisible = 0;
			defaultConfigurationName = Release;
		};
		6903CDF620181E2600642B68 /* Build configuration list for PBXNativeTarget "MyTLSWrapper" */ = {
			isa = XCConfigurationList;
			buildConfigurations = (
				6903CDF720181E2600642B68 /* Debug */,
				6903CDF820181E2600642B68 /* Release */,
			);
			defaultConfigurationIsVisible = 0;
			defaultConfigurationName = Release;
		};
/* End XCConfigurationList section */
	};
	rootObject = 6903CDDC20181E2600642B68 /* Project object */;
}
